// !$*UTF8*$!
{
	archiveVersion = 1;
	classes = {
	};
	objectVersion = 77;
	objects = {

/* Begin PBXBuildFile section */
		820368BD2D9AAB6C00218754 /* NetworkModel.swift in Sources */ = {isa = PBXBuildFile; fileRef = 820368BC2D9AAB6C00218754 /* NetworkModel.swift */; };
		820368C02D9AAB9C00218754 /* PromtOpenAI.swift in Sources */ = {isa = PBXBuildFile; fileRef = 820368BF2D9AAB9C00218754 /* PromtOpenAI.swift */; };
		820368C32D9AAC5700218754 /* Keys.swift in Sources */ = {isa = PBXBuildFile; fileRef = 820368C22D9AAC5700218754 /* Keys.swift */; };
		820368C52D9AACAC00218754 /* String.swift in Sources */ = {isa = PBXBuildFile; fileRef = 820368C42D9AACAC00218754 /* String.swift */; };
		820368C82D9AB25900218754 /* Request.swift in Sources */ = {isa = PBXBuildFile; fileRef = 820368C72D9AB25900218754 /* Request.swift */; };
		8289D8A42D9B40D1001B6C40 /* DB.swift in Sources */ = {isa = PBXBuildFile; fileRef = 8289D8A32D9B40D1001B6C40 /* DB.swift */; };
		82A310D62D7BD29400E2737F /* Preview Assets.xcassets in Resources */ = {isa = PBXBuildFile; fileRef = 82A310D02D7BD29400E2737F /* Preview Assets.xcassets */; };
		82A310D72D7BD29400E2737F /* Assets.xcassets in Resources */ = {isa = PBXBuildFile; fileRef = 82A310D32D7BD29400E2737F /* Assets.xcassets */; };
		82A310D82D7BD29400E2737F /* AdvicerCVApp.swift in Sources */ = {isa = PBXBuildFile; fileRef = 82A310D22D7BD29400E2737F /* AdvicerCVApp.swift */; };
		82A310D92D7BD29400E2737F /* ContentView.swift in Sources */ = {isa = PBXBuildFile; fileRef = 82A310D42D7BD29400E2737F /* ContentView.swift */; };
		82A310E72D7BDD3700E2737F /* AdviceViewModel.swift in Sources */ = {isa = PBXBuildFile; fileRef = 82A310E22D7BDD3700E2737F /* AdviceViewModel.swift */; };
		82A310E82D7BDD3700E2737F /* HomeView.swift in Sources */ = {isa = PBXBuildFile; fileRef = 82A310E42D7BDD3700E2737F /* HomeView.swift */; };
		82A310E92D7BDD3700E2737F /* SavedAdviceView.swift in Sources */ = {isa = PBXBuildFile; fileRef = 82A310E52D7BDD3700E2737F /* SavedAdviceView.swift */; };
		82A310EA2D7BDD3700E2737F /* AdviceSection.swift in Sources */ = {isa = PBXBuildFile; fileRef = 82A310E02D7BDD3700E2737F /* AdviceSection.swift */; };
		82A310EC2D7BDD9D00E2737F /* PDFKit.swift in Sources */ = {isa = PBXBuildFile; fileRef = 82A310EB2D7BDD9D00E2737F /* PDFKit.swift */; };
/* End PBXBuildFile section */

/* Begin PBXFileReference section */
		820368BC2D9AAB6C00218754 /* NetworkModel.swift */ = {isa = PBXFileReference; lastKnownFileType = sourcecode.swift; path = NetworkModel.swift; sourceTree = "<group>"; };
		820368BF2D9AAB9C00218754 /* PromtOpenAI.swift */ = {isa = PBXFileReference; lastKnownFileType = sourcecode.swift; path = PromtOpenAI.swift; sourceTree = "<group>"; };
		820368C22D9AAC5700218754 /* Keys.swift */ = {isa = PBXFileReference; lastKnownFileType = sourcecode.swift; path = Keys.swift; sourceTree = "<group>"; };
		820368C42D9AACAC00218754 /* String.swift */ = {isa = PBXFileReference; lastKnownFileType = sourcecode.swift; path = String.swift; sourceTree = "<group>"; };
		820368C72D9AB25900218754 /* Request.swift */ = {isa = PBXFileReference; lastKnownFileType = sourcecode.swift; path = Request.swift; sourceTree = "<group>"; };
		8289D8A32D9B40D1001B6C40 /* DB.swift */ = {isa = PBXFileReference; lastKnownFileType = sourcecode.swift; path = DB.swift; sourceTree = "<group>"; };
		82A310BF2D7BD28600E2737F /* AdvicerCV.app */ = {isa = PBXFileReference; explicitFileType = wrapper.application; includeInIndex = 0; path = AdvicerCV.app; sourceTree = BUILT_PRODUCTS_DIR; };
		82A310D02D7BD29400E2737F /* Preview Assets.xcassets */ = {isa = PBXFileReference; lastKnownFileType = folder.assetcatalog; path = "Preview Assets.xcassets"; sourceTree = "<group>"; };
		82A310D22D7BD29400E2737F /* AdvicerCVApp.swift */ = {isa = PBXFileReference; lastKnownFileType = sourcecode.swift; path = AdvicerCVApp.swift; sourceTree = "<group>"; };
		82A310D32D7BD29400E2737F /* Assets.xcassets */ = {isa = PBXFileReference; lastKnownFileType = folder.assetcatalog; path = Assets.xcassets; sourceTree = "<group>"; };
		82A310D42D7BD29400E2737F /* ContentView.swift */ = {isa = PBXFileReference; lastKnownFileType = sourcecode.swift; path = ContentView.swift; sourceTree = "<group>"; };
		82A310E02D7BDD3700E2737F /* AdviceSection.swift */ = {isa = PBXFileReference; lastKnownFileType = sourcecode.swift; path = AdviceSection.swift; sourceTree = "<group>"; };
		82A310E22D7BDD3700E2737F /* AdviceViewModel.swift */ = {isa = PBXFileReference; lastKnownFileType = sourcecode.swift; path = AdviceViewModel.swift; sourceTree = "<group>"; };
		82A310E42D7BDD3700E2737F /* HomeView.swift */ = {isa = PBXFileReference; lastKnownFileType = sourcecode.swift; path = HomeView.swift; sourceTree = "<group>"; };
		82A310E52D7BDD3700E2737F /* SavedAdviceView.swift */ = {isa = PBXFileReference; lastKnownFileType = sourcecode.swift; path = SavedAdviceView.swift; sourceTree = "<group>"; };
		82A310EB2D7BDD9D00E2737F /* PDFKit.swift */ = {isa = PBXFileReference; lastKnownFileType = sourcecode.swift; path = PDFKit.swift; sourceTree = "<group>"; };
/* End PBXFileReference section */

/* Begin PBXFrameworksBuildPhase section */
		82A310BC2D7BD28600E2737F /* Frameworks */ = {
			isa = PBXFrameworksBuildPhase;
			buildActionMask = 2147483647;
			files = (
			);
			runOnlyForDeploymentPostprocessing = 0;
		};
/* End PBXFrameworksBuildPhase section */

/* Begin PBXGroup section */
		820368BE2D9AAB7100218754 /* Service */ = {
			isa = PBXGroup;
			children = (
				8289D8A32D9B40D1001B6C40 /* DB.swift */,
				8289D8A22D9B40B5001B6C40 /* NetworkModel */,
			);
			path = Service;
			sourceTree = "<group>";
		};
		820368C12D9AABFC00218754 /* NetworkDataModel */ = {
			isa = PBXGroup;
			children = (
				820368BF2D9AAB9C00218754 /* PromtOpenAI.swift */,
			);
			path = NetworkDataModel;
			sourceTree = "<group>";
		};
		820368C62D9AACB800218754 /* Extensions */ = {
			isa = PBXGroup;
			children = (
				820368C42D9AACAC00218754 /* String.swift */,
			);
			path = Extensions;
			sourceTree = "<group>";
		};
		8289D8A22D9B40B5001B6C40 /* NetworkModel */ = {
			isa = PBXGroup;
			children = (
				820368BC2D9AAB6C00218754 /* NetworkModel.swift */,
				820368C72D9AB25900218754 /* Request.swift */,
			);
			path = NetworkModel;
			sourceTree = "<group>";
		};
		82A310B62D7BD28600E2737F = {
			isa = PBXGroup;
			children = (
				82A310D52D7BD29400E2737F /* AdvicerCV */,
				82A310C02D7BD28600E2737F /* Products */,
			);
			sourceTree = "<group>";
		};
		82A310C02D7BD28600E2737F /* Products */ = {
			isa = PBXGroup;
			children = (
				82A310BF2D7BD28600E2737F /* AdvicerCV.app */,
			);
			name = Products;
			sourceTree = "<group>";
		};
		82A310D12D7BD29400E2737F /* Preview Content */ = {
			isa = PBXGroup;
			children = (
				82A310D02D7BD29400E2737F /* Preview Assets.xcassets */,
			);
			path = "Preview Content";
			sourceTree = "<group>";
		};
		82A310D52D7BD29400E2737F /* AdvicerCV */ = {
			isa = PBXGroup;
			children = (
				82A310D12D7BD29400E2737F /* Preview Content */,
				82A310D22D7BD29400E2737F /* AdvicerCVApp.swift */,
				820368C22D9AAC5700218754 /* Keys.swift */,
				820368BE2D9AAB7100218754 /* Service */,
				82A310E12D7BDD3700E2737F /* Models */,
				82A310E32D7BDD3700E2737F /* ViewModels */,
				82A310E62D7BDD3700E2737F /* Views */,
				820368C62D9AACB800218754 /* Extensions */,
				82A310D32D7BD29400E2737F /* Assets.xcassets */,
				82A310D42D7BD29400E2737F /* ContentView.swift */,
				82A310EB2D7BDD9D00E2737F /* PDFKit.swift */,
			);
			path = AdvicerCV;
			sourceTree = "<group>";
		};
		82A310E12D7BDD3700E2737F /* Models */ = {
			isa = PBXGroup;
			children = (
				82A310E02D7BDD3700E2737F /* AdviceSection.swift */,
				820368C12D9AABFC00218754 /* NetworkDataModel */,
			);
			path = Models;
			sourceTree = "<group>";
		};
		82A310E32D7BDD3700E2737F /* ViewModels */ = {
			isa = PBXGroup;
			children = (
				82A310E22D7BDD3700E2737F /* AdviceViewModel.swift */,
			);
			path = ViewModels;
			sourceTree = "<group>";
		};
		82A310E62D7BDD3700E2737F /* Views */ = {
			isa = PBXGroup;
			children = (
				82A310E42D7BDD3700E2737F /* HomeView.swift */,
				82A310E52D7BDD3700E2737F /* SavedAdviceView.swift */,
			);
			path = Views;
			sourceTree = "<group>";
		};
/* End PBXGroup section */

/* Begin PBXNativeTarget section */
		82A310BE2D7BD28600E2737F /* AdvicerCV */ = {
			isa = PBXNativeTarget;
			buildConfigurationList = 82A310CD2D7BD28800E2737F /* Build configuration list for PBXNativeTarget "AdvicerCV" */;
			buildPhases = (
				82A310BB2D7BD28600E2737F /* Sources */,
				82A310BC2D7BD28600E2737F /* Frameworks */,
				82A310BD2D7BD28600E2737F /* Resources */,
			);
			buildRules = (
			);
			dependencies = (
			);
			name = AdvicerCV;
			packageProductDependencies = (
			);
			productName = AdvicerCV;
			productReference = 82A310BF2D7BD28600E2737F /* AdvicerCV.app */;
			productType = "com.apple.product-type.application";
		};
/* End PBXNativeTarget section */

/* Begin PBXProject section */
		82A310B72D7BD28600E2737F /* Project object */ = {
			isa = PBXProject;
			attributes = {
				BuildIndependentTargetsInParallel = 1;
				LastSwiftUpdateCheck = 1620;
				LastUpgradeCheck = 1620;
				TargetAttributes = {
					82A310BE2D7BD28600E2737F = {
						CreatedOnToolsVersion = 16.2;
					};
				};
			};
			buildConfigurationList = 82A310BA2D7BD28600E2737F /* Build configuration list for PBXProject "AdvicerCV" */;
			developmentRegion = en;
			hasScannedForEncodings = 0;
			knownRegions = (
				en,
				Base,
			);
			mainGroup = 82A310B62D7BD28600E2737F;
			minimizedProjectReferenceProxies = 1;
			preferredProjectObjectVersion = 77;
			productRefGroup = 82A310C02D7BD28600E2737F /* Products */;
			projectDirPath = "";
			projectRoot = "";
			targets = (
				82A310BE2D7BD28600E2737F /* AdvicerCV */,
			);
		};
/* End PBXProject section */

/* Begin PBXResourcesBuildPhase section */
		82A310BD2D7BD28600E2737F /* Resources */ = {
			isa = PBXResourcesBuildPhase;
			buildActionMask = 2147483647;
			files = (
				82A310D62D7BD29400E2737F /* Preview Assets.xcassets in Resources */,
				82A310D72D7BD29400E2737F /* Assets.xcassets in Resources */,
			);
			runOnlyForDeploymentPostprocessing = 0;
		};
/* End PBXResourcesBuildPhase section */

/* Begin PBXSourcesBuildPhase section */
		82A310BB2D7BD28600E2737F /* Sources */ = {
			isa = PBXSourcesBuildPhase;
			buildActionMask = 2147483647;
			files = (
				8289D8A42D9B40D1001B6C40 /* DB.swift in Sources */,
				820368BD2D9AAB6C00218754 /* NetworkModel.swift in Sources */,
				820368C82D9AB25900218754 /* Request.swift in Sources */,
				820368C52D9AACAC00218754 /* String.swift in Sources */,
				82A310E72D7BDD3700E2737F /* AdviceViewModel.swift in Sources */,
				82A310EC2D7BDD9D00E2737F /* PDFKit.swift in Sources */,
				82A310E82D7BDD3700E2737F /* HomeView.swift in Sources */,
				82A310E92D7BDD3700E2737F /* SavedAdviceView.swift in Sources */,
				820368C02D9AAB9C00218754 /* PromtOpenAI.swift in Sources */,
				82A310EA2D7BDD3700E2737F /* AdviceSection.swift in Sources */,
				82A310D82D7BD29400E2737F /* AdvicerCVApp.swift in Sources */,
				82A310D92D7BD29400E2737F /* ContentView.swift in Sources */,
				820368C32D9AAC5700218754 /* Keys.swift in Sources */,
			);
			runOnlyForDeploymentPostprocessing = 0;
		};
/* End PBXSourcesBuildPhase section */

/* Begin XCBuildConfiguration section */
		82A310CB2D7BD28800E2737F /* Debug */ = {
			isa = XCBuildConfiguration;
			buildSettings = {
				ALWAYS_SEARCH_USER_PATHS = NO;
				ASSETCATALOG_COMPILER_GENERATE_SWIFT_ASSET_SYMBOL_EXTENSIONS = YES;
				CLANG_ANALYZER_NONNULL = YES;
				CLANG_ANALYZER_NUMBER_OBJECT_CONVERSION = YES_AGGRESSIVE;
				CLANG_CXX_LANGUAGE_STANDARD = "gnu++20";
				CLANG_ENABLE_MODULES = YES;
				CLANG_ENABLE_OBJC_ARC = YES;
				CLANG_ENABLE_OBJC_WEAK = YES;
				CLANG_WARN_BLOCK_CAPTURE_AUTORELEASING = YES;
				CLANG_WARN_BOOL_CONVERSION = YES;
				CLANG_WARN_COMMA = YES;
				CLANG_WARN_CONSTANT_CONVERSION = YES;
				CLANG_WARN_DEPRECATED_OBJC_IMPLEMENTATIONS = YES;
				CLANG_WARN_DIRECT_OBJC_ISA_USAGE = YES_ERROR;
				CLANG_WARN_DOCUMENTATION_COMMENTS = YES;
				CLANG_WARN_EMPTY_BODY = YES;
				CLANG_WARN_ENUM_CONVERSION = YES;
				CLANG_WARN_INFINITE_RECURSION = YES;
				CLANG_WARN_INT_CONVERSION = YES;
				CLANG_WARN_NON_LITERAL_NULL_CONVERSION = YES;
				CLANG_WARN_OBJC_IMPLICIT_RETAIN_SELF = YES;
				CLANG_WARN_OBJC_LITERAL_CONVERSION = YES;
				CLANG_WARN_OBJC_ROOT_CLASS = YES_ERROR;
				CLANG_WARN_QUOTED_INCLUDE_IN_FRAMEWORK_HEADER = YES;
				CLANG_WARN_RANGE_LOOP_ANALYSIS = YES;
				CLANG_WARN_STRICT_PROTOTYPES = YES;
				CLANG_WARN_SUSPICIOUS_MOVE = YES;
				CLANG_WARN_UNGUARDED_AVAILABILITY = YES_AGGRESSIVE;
				CLANG_WARN_UNREACHABLE_CODE = YES;
				CLANG_WARN__DUPLICATE_METHOD_MATCH = YES;
				COPY_PHASE_STRIP = NO;
				DEBUG_INFORMATION_FORMAT = dwarf;
				ENABLE_STRICT_OBJC_MSGSEND = YES;
				ENABLE_TESTABILITY = YES;
				ENABLE_USER_SCRIPT_SANDBOXING = YES;
				GCC_C_LANGUAGE_STANDARD = gnu17;
				GCC_DYNAMIC_NO_PIC = NO;
				GCC_NO_COMMON_BLOCKS = YES;
				GCC_OPTIMIZATION_LEVEL = 0;
				GCC_PREPROCESSOR_DEFINITIONS = (
					"DEBUG=1",
					"$(inherited)",
				);
				GCC_WARN_64_TO_32_BIT_CONVERSION = YES;
				GCC_WARN_ABOUT_RETURN_TYPE = YES_ERROR;
				GCC_WARN_UNDECLARED_SELECTOR = YES;
				GCC_WARN_UNINITIALIZED_AUTOS = YES_AGGRESSIVE;
				GCC_WARN_UNUSED_FUNCTION = YES;
				GCC_WARN_UNUSED_VARIABLE = YES;
				IPHONEOS_DEPLOYMENT_TARGET = 18.2;
				LOCALIZATION_PREFERS_STRING_CATALOGS = YES;
				MTL_ENABLE_DEBUG_INFO = INCLUDE_SOURCE;
				MTL_FAST_MATH = YES;
				ONLY_ACTIVE_ARCH = YES;
				SDKROOT = iphoneos;
				SWIFT_ACTIVE_COMPILATION_CONDITIONS = "DEBUG $(inherited)";
				SWIFT_OPTIMIZATION_LEVEL = "-Onone";
			};
			name = Debug;
		};
		82A310CC2D7BD28800E2737F /* Release */ = {
			isa = XCBuildConfiguration;
			buildSettings = {
				ALWAYS_SEARCH_USER_PATHS = NO;
				ASSETCATALOG_COMPILER_GENERATE_SWIFT_ASSET_SYMBOL_EXTENSIONS = YES;
				CLANG_ANALYZER_NONNULL = YES;
				CLANG_ANALYZER_NUMBER_OBJECT_CONVERSION = YES_AGGRESSIVE;
				CLANG_CXX_LANGUAGE_STANDARD = "gnu++20";
				CLANG_ENABLE_MODULES = YES;
				CLANG_ENABLE_OBJC_ARC = YES;
				CLANG_ENABLE_OBJC_WEAK = YES;
				CLANG_WARN_BLOCK_CAPTURE_AUTORELEASING = YES;
				CLANG_WARN_BOOL_CONVERSION = YES;
				CLANG_WARN_COMMA = YES;
				CLANG_WARN_CONSTANT_CONVERSION = YES;
				CLANG_WARN_DEPRECATED_OBJC_IMPLEMENTATIONS = YES;
				CLANG_WARN_DIRECT_OBJC_ISA_USAGE = YES_ERROR;
				CLANG_WARN_DOCUMENTATION_COMMENTS = YES;
				CLANG_WARN_EMPTY_BODY = YES;
				CLANG_WARN_ENUM_CONVERSION = YES;
				CLANG_WARN_INFINITE_RECURSION = YES;
				CLANG_WARN_INT_CONVERSION = YES;
				CLANG_WARN_NON_LITERAL_NULL_CONVERSION = YES;
				CLANG_WARN_OBJC_IMPLICIT_RETAIN_SELF = YES;
				CLANG_WARN_OBJC_LITERAL_CONVERSION = YES;
				CLANG_WARN_OBJC_ROOT_CLASS = YES_ERROR;
				CLANG_WARN_QUOTED_INCLUDE_IN_FRAMEWORK_HEADER = YES;
				CLANG_WARN_RANGE_LOOP_ANALYSIS = YES;
				CLANG_WARN_STRICT_PROTOTYPES = YES;
				CLANG_WARN_SUSPICIOUS_MOVE = YES;
				CLANG_WARN_UNGUARDED_AVAILABILITY = YES_AGGRESSIVE;
				CLANG_WARN_UNREACHABLE_CODE = YES;
				CLANG_WARN__DUPLICATE_METHOD_MATCH = YES;
				COPY_PHASE_STRIP = NO;
				DEBUG_INFORMATION_FORMAT = "dwarf-with-dsym";
				ENABLE_NS_ASSERTIONS = NO;
				ENABLE_STRICT_OBJC_MSGSEND = YES;
				ENABLE_USER_SCRIPT_SANDBOXING = YES;
				GCC_C_LANGUAGE_STANDARD = gnu17;
				GCC_NO_COMMON_BLOCKS = YES;
				GCC_WARN_64_TO_32_BIT_CONVERSION = YES;
				GCC_WARN_ABOUT_RETURN_TYPE = YES_ERROR;
				GCC_WARN_UNDECLARED_SELECTOR = YES;
				GCC_WARN_UNINITIALIZED_AUTOS = YES_AGGRESSIVE;
				GCC_WARN_UNUSED_FUNCTION = YES;
				GCC_WARN_UNUSED_VARIABLE = YES;
				IPHONEOS_DEPLOYMENT_TARGET = 18.2;
				LOCALIZATION_PREFERS_STRING_CATALOGS = YES;
				MTL_ENABLE_DEBUG_INFO = NO;
				MTL_FAST_MATH = YES;
				SDKROOT = iphoneos;
				SWIFT_COMPILATION_MODE = wholemodule;
				VALIDATE_PRODUCT = YES;
			};
			name = Release;
		};
		82A310CE2D7BD28800E2737F /* Debug */ = {
			isa = XCBuildConfiguration;
			buildSettings = {
				ASSETCATALOG_COMPILER_APPICON_NAME = AppIcon;
				ASSETCATALOG_COMPILER_GLOBAL_ACCENT_COLOR_NAME = AccentColor;
				CODE_SIGN_STYLE = Automatic;
				CURRENT_PROJECT_VERSION = 1;
				DEVELOPMENT_ASSET_PATHS = "\"AdvicerCV/Preview Content\"";
				DEVELOPMENT_TEAM = FQA2XH9ZUM;
				ENABLE_PREVIEWS = YES;
				GENERATE_INFOPLIST_FILE = YES;
				INFOPLIST_KEY_UIApplicationSceneManifest_Generation = YES;
				INFOPLIST_KEY_UIApplicationSupportsIndirectInputEvents = YES;
				INFOPLIST_KEY_UILaunchScreen_Generation = YES;
				INFOPLIST_KEY_UISupportedInterfaceOrientations_iPad = "UIInterfaceOrientationPortrait UIInterfaceOrientationPortraitUpsideDown UIInterfaceOrientationLandscapeLeft UIInterfaceOrientationLandscapeRight";
				INFOPLIST_KEY_UISupportedInterfaceOrientations_iPhone = "UIInterfaceOrientationPortrait UIInterfaceOrientationLandscapeLeft UIInterfaceOrientationLandscapeRight";
				LD_RUNPATH_SEARCH_PATHS = (
					"$(inherited)",
					"@executable_path/Frameworks",
				);
				MARKETING_VERSION = 1.0;
				PRODUCT_BUNDLE_IDENTIFIER = com.dovhiy.AdvicerCV;
				PRODUCT_NAME = "$(TARGET_NAME)";
				SWIFT_EMIT_LOC_STRINGS = YES;
				SWIFT_VERSION = 5.0;
				TARGETED_DEVICE_FAMILY = "1,2";
			};
			name = Debug;
		};
		82A310CF2D7BD28800E2737F /* Release */ = {
			isa = XCBuildConfiguration;
			buildSettings = {
				ASSETCATALOG_COMPILER_APPICON_NAME = AppIcon;
				ASSETCATALOG_COMPILER_GLOBAL_ACCENT_COLOR_NAME = AccentColor;
				CODE_SIGN_STYLE = Automatic;
				CURRENT_PROJECT_VERSION = 1;
				DEVELOPMENT_ASSET_PATHS = "\"AdvicerCV/Preview Content\"";
				DEVELOPMENT_TEAM = FQA2XH9ZUM;
				ENABLE_PREVIEWS = YES;
				GENERATE_INFOPLIST_FILE = YES;
				INFOPLIST_KEY_UIApplicationSceneManifest_Generation = YES;
				INFOPLIST_KEY_UIApplicationSupportsIndirectInputEvents = YES;
				INFOPLIST_KEY_UILaunchScreen_Generation = YES;
				INFOPLIST_KEY_UISupportedInterfaceOrientations_iPad = "UIInterfaceOrientationPortrait UIInterfaceOrientationPortraitUpsideDown UIInterfaceOrientationLandscapeLeft UIInterfaceOrientationLandscapeRight";
				INFOPLIST_KEY_UISupportedInterfaceOrientations_iPhone = "UIInterfaceOrientationPortrait UIInterfaceOrientationLandscapeLeft UIInterfaceOrientationLandscapeRight";
				LD_RUNPATH_SEARCH_PATHS = (
					"$(inherited)",
					"@executable_path/Frameworks",
				);
				MARKETING_VERSION = 1.0;
				PRODUCT_BUNDLE_IDENTIFIER = com.dovhiy.AdvicerCV;
				PRODUCT_NAME = "$(TARGET_NAME)";
				SWIFT_EMIT_LOC_STRINGS = YES;
				SWIFT_VERSION = 5.0;
				TARGETED_DEVICE_FAMILY = "1,2";
			};
			name = Release;
		};
/* End XCBuildConfiguration section */

/* Begin XCConfigurationList section */
		82A310BA2D7BD28600E2737F /* Build configuration list for PBXProject "AdvicerCV" */ = {
			isa = XCConfigurationList;
			buildConfigurations = (
				82A310CB2D7BD28800E2737F /* Debug */,
				82A310CC2D7BD28800E2737F /* Release */,
			);
			defaultConfigurationIsVisible = 0;
			defaultConfigurationName = Release;
		};
		82A310CD2D7BD28800E2737F /* Build configuration list for PBXNativeTarget "AdvicerCV" */ = {
			isa = XCConfigurationList;
			buildConfigurations = (
				82A310CE2D7BD28800E2737F /* Debug */,
				82A310CF2D7BD28800E2737F /* Release */,
			);
			defaultConfigurationIsVisible = 0;
			defaultConfigurationName = Release;
		};
/* End XCConfigurationList section */
	};
	rootObject = 82A310B72D7BD28600E2737F /* Project object */;
}
